// !$*UTF8*$!
{
	archiveVersion = 1;
	classes = {
	};
	objectVersion = 56;
	objects = {

/* Begin PBXBuildFile section */
		822AACDA2B14BE7500C2F378 /* AppDelegate.swift in Sources */ = {isa = PBXBuildFile; fileRef = 822AACD92B14BE7500C2F378 /* AppDelegate.swift */; };
		822AACDC2B14BE7500C2F378 /* ViewController.swift in Sources */ = {isa = PBXBuildFile; fileRef = 822AACDB2B14BE7500C2F378 /* ViewController.swift */; };
		822AACDE2B14BE7700C2F378 /* Assets.xcassets in Resources */ = {isa = PBXBuildFile; fileRef = 822AACDD2B14BE7700C2F378 /* Assets.xcassets */; };
		822AACE12B14BE7700C2F378 /* Main.storyboard in Resources */ = {isa = PBXBuildFile; fileRef = 822AACDF2B14BE7700C2F378 /* Main.storyboard */; };
		822AACEC2B14BE7700C2F378 /* stopwatchTests.swift in Sources */ = {isa = PBXBuildFile; fileRef = 822AACEB2B14BE7700C2F378 /* stopwatchTests.swift */; };
		822AACF62B14BE7700C2F378 /* stopwatchUITests.swift in Sources */ = {isa = PBXBuildFile; fileRef = 822AACF52B14BE7700C2F378 /* stopwatchUITests.swift */; };
		822AACF82B14BE7700C2F378 /* stopwatchUITestsLaunchTests.swift in Sources */ = {isa = PBXBuildFile; fileRef = 822AACF72B14BE7700C2F378 /* stopwatchUITestsLaunchTests.swift */; };
		82DBDC3A2B36AB8700B0BDBE /* ColorPickerViewController.swift in Sources */ = {isa = PBXBuildFile; fileRef = 82DBDC392B36AB8700B0BDBE /* ColorPickerViewController.swift */; };
		82DBDC3C2B37867900B0BDBE /* UserDefaultsManager.swift in Sources */ = {isa = PBXBuildFile; fileRef = 82DBDC3B2B37867900B0BDBE /* UserDefaultsManager.swift */; };
/* End PBXBuildFile section */

/* Begin PBXContainerItemProxy section */
		822AACE82B14BE7700C2F378 /* PBXContainerItemProxy */ = {
			isa = PBXContainerItemProxy;
			containerPortal = 822AACCE2B14BE7500C2F378 /* Project object */;
			proxyType = 1;
			remoteGlobalIDString = 822AACD52B14BE7500C2F378;
			remoteInfo = stopwatch;
		};
		822AACF22B14BE7700C2F378 /* PBXContainerItemProxy */ = {
			isa = PBXContainerItemProxy;
			containerPortal = 822AACCE2B14BE7500C2F378 /* Project object */;
			proxyType = 1;
			remoteGlobalIDString = 822AACD52B14BE7500C2F378;
			remoteInfo = stopwatch;
		};
/* End PBXContainerItemProxy section */

/* Begin PBXFileReference section */
		822AACD62B14BE7500C2F378 /* stopwatch.app */ = {isa = PBXFileReference; explicitFileType = wrapper.application; includeInIndex = 0; path = stopwatch.app; sourceTree = BUILT_PRODUCTS_DIR; };
		822AACD92B14BE7500C2F378 /* AppDelegate.swift */ = {isa = PBXFileReference; lastKnownFileType = sourcecode.swift; path = AppDelegate.swift; sourceTree = "<group>"; };
		822AACDB2B14BE7500C2F378 /* ViewController.swift */ = {isa = PBXFileReference; lastKnownFileType = sourcecode.swift; path = ViewController.swift; sourceTree = "<group>"; };
		822AACDD2B14BE7700C2F378 /* Assets.xcassets */ = {isa = PBXFileReference; lastKnownFileType = folder.assetcatalog; path = Assets.xcassets; sourceTree = "<group>"; };
		822AACE02B14BE7700C2F378 /* Base */ = {isa = PBXFileReference; lastKnownFileType = file.storyboard; name = Base; path = Base.lproj/Main.storyboard; sourceTree = "<group>"; };
		822AACE22B14BE7700C2F378 /* stopwatch.entitlements */ = {isa = PBXFileReference; lastKnownFileType = text.plist.entitlements; path = stopwatch.entitlements; sourceTree = "<group>"; };
		822AACE72B14BE7700C2F378 /* stopwatchTests.xctest */ = {isa = PBXFileReference; explicitFileType = wrapper.cfbundle; includeInIndex = 0; path = stopwatchTests.xctest; sourceTree = BUILT_PRODUCTS_DIR; };
		822AACEB2B14BE7700C2F378 /* stopwatchTests.swift */ = {isa = PBXFileReference; lastKnownFileType = sourcecode.swift; path = stopwatchTests.swift; sourceTree = "<group>"; };
		822AACF12B14BE7700C2F378 /* stopwatchUITests.xctest */ = {isa = PBXFileReference; explicitFileType = wrapper.cfbundle; includeInIndex = 0; path = stopwatchUITests.xctest; sourceTree = BUILT_PRODUCTS_DIR; };
		822AACF52B14BE7700C2F378 /* stopwatchUITests.swift */ = {isa = PBXFileReference; lastKnownFileType = sourcecode.swift; path = stopwatchUITests.swift; sourceTree = "<group>"; };
		822AACF72B14BE7700C2F378 /* stopwatchUITestsLaunchTests.swift */ = {isa = PBXFileReference; lastKnownFileType = sourcecode.swift; path = stopwatchUITestsLaunchTests.swift; sourceTree = "<group>"; };
		82DBDC392B36AB8700B0BDBE /* ColorPickerViewController.swift */ = {isa = PBXFileReference; lastKnownFileType = sourcecode.swift; path = ColorPickerViewController.swift; sourceTree = "<group>"; };
		82DBDC3B2B37867900B0BDBE /* UserDefaultsManager.swift */ = {isa = PBXFileReference; lastKnownFileType = sourcecode.swift; path = UserDefaultsManager.swift; sourceTree = "<group>"; };
/* End PBXFileReference section */

/* Begin PBXFrameworksBuildPhase section */
		822AACD32B14BE7500C2F378 /* Frameworks */ = {
			isa = PBXFrameworksBuildPhase;
			buildActionMask = 2147483647;
			files = (
			);
			runOnlyForDeploymentPostprocessing = 0;
		};
		822AACE42B14BE7700C2F378 /* Frameworks */ = {
			isa = PBXFrameworksBuildPhase;
			buildActionMask = 2147483647;
			files = (
			);
			runOnlyForDeploymentPostprocessing = 0;
		};
		822AACEE2B14BE7700C2F378 /* Frameworks */ = {
			isa = PBXFrameworksBuildPhase;
			buildActionMask = 2147483647;
			files = (
			);
			runOnlyForDeploymentPostprocessing = 0;
		};
/* End PBXFrameworksBuildPhase section */

/* Begin PBXGroup section */
		822AACCD2B14BE7500C2F378 = {
			isa = PBXGroup;
			children = (
				822AACD82B14BE7500C2F378 /* stopwatch */,
				822AACEA2B14BE7700C2F378 /* stopwatchTests */,
				822AACF42B14BE7700C2F378 /* stopwatchUITests */,
				822AACD72B14BE7500C2F378 /* Products */,
			);
			sourceTree = "<group>";
		};
		822AACD72B14BE7500C2F378 /* Products */ = {
			isa = PBXGroup;
			children = (
				822AACD62B14BE7500C2F378 /* stopwatch.app */,
				822AACE72B14BE7700C2F378 /* stopwatchTests.xctest */,
				822AACF12B14BE7700C2F378 /* stopwatchUITests.xctest */,
			);
			name = Products;
			sourceTree = "<group>";
		};
		822AACD82B14BE7500C2F378 /* stopwatch */ = {
			isa = PBXGroup;
			children = (
				822AACD92B14BE7500C2F378 /* AppDelegate.swift */,
				822AACDD2B14BE7700C2F378 /* Assets.xcassets */,
				822AACE22B14BE7700C2F378 /* stopwatch.entitlements */,
				82DBDC3F2B37A33B00B0BDBE /* Model */,
				82DBDC3E2B37A33000B0BDBE /* View */,
				82DBDC3D2B37A32200B0BDBE /* Controller */,
			);
			path = stopwatch;
			sourceTree = "<group>";
		};
		822AACEA2B14BE7700C2F378 /* stopwatchTests */ = {
			isa = PBXGroup;
			children = (
				822AACEB2B14BE7700C2F378 /* stopwatchTests.swift */,
			);
			path = stopwatchTests;
			sourceTree = "<group>";
		};
		822AACF42B14BE7700C2F378 /* stopwatchUITests */ = {
			isa = PBXGroup;
			children = (
				822AACF52B14BE7700C2F378 /* stopwatchUITests.swift */,
				822AACF72B14BE7700C2F378 /* stopwatchUITestsLaunchTests.swift */,
			);
			path = stopwatchUITests;
			sourceTree = "<group>";
		};
		82DBDC3D2B37A32200B0BDBE /* Controller */ = {
			isa = PBXGroup;
			children = (
				82DBDC392B36AB8700B0BDBE /* ColorPickerViewController.swift */,
				822AACDB2B14BE7500C2F378 /* ViewController.swift */,
			);
			path = Controller;
			sourceTree = "<group>";
		};
		82DBDC3E2B37A33000B0BDBE /* View */ = {
			isa = PBXGroup;
			children = (
				822AACDF2B14BE7700C2F378 /* Main.storyboard */,
			);
			path = View;
			sourceTree = "<group>";
		};
		82DBDC3F2B37A33B00B0BDBE /* Model */ = {
			isa = PBXGroup;
			children = (
				82DBDC3B2B37867900B0BDBE /* UserDefaultsManager.swift */,
			);
			path = Model;
			sourceTree = "<group>";
		};
/* End PBXGroup section */

/* Begin PBXNativeTarget section */
		822AACD52B14BE7500C2F378 /* stopwatch */ = {
			isa = PBXNativeTarget;
			buildConfigurationList = 822AACFB2B14BE7700C2F378 /* Build configuration list for PBXNativeTarget "stopwatch" */;
			buildPhases = (
				822AACD22B14BE7500C2F378 /* Sources */,
				822AACD32B14BE7500C2F378 /* Frameworks */,
				822AACD42B14BE7500C2F378 /* Resources */,
			);
			buildRules = (
			);
			dependencies = (
			);
			name = stopwatch;
			productName = stopwatch;
			productReference = 822AACD62B14BE7500C2F378 /* stopwatch.app */;
			productType = "com.apple.product-type.application";
		};
		822AACE62B14BE7700C2F378 /* stopwatchTests */ = {
			isa = PBXNativeTarget;
			buildConfigurationList = 822AACFE2B14BE7700C2F378 /* Build configuration list for PBXNativeTarget "stopwatchTests" */;
			buildPhases = (
				822AACE32B14BE7700C2F378 /* Sources */,
				822AACE42B14BE7700C2F378 /* Frameworks */,
				822AACE52B14BE7700C2F378 /* Resources */,
			);
			buildRules = (
			);
			dependencies = (
				822AACE92B14BE7700C2F378 /* PBXTargetDependency */,
			);
			name = stopwatchTests;
			productName = stopwatchTests;
			productReference = 822AACE72B14BE7700C2F378 /* stopwatchTests.xctest */;
			productType = "com.apple.product-type.bundle.unit-test";
		};
		822AACF02B14BE7700C2F378 /* stopwatchUITests */ = {
			isa = PBXNativeTarget;
			buildConfigurationList = 822AAD012B14BE7700C2F378 /* Build configuration list for PBXNativeTarget "stopwatchUITests" */;
			buildPhases = (
				822AACED2B14BE7700C2F378 /* Sources */,
				822AACEE2B14BE7700C2F378 /* Frameworks */,
				822AACEF2B14BE7700C2F378 /* Resources */,
			);
			buildRules = (
			);
			dependencies = (
				822AACF32B14BE7700C2F378 /* PBXTargetDependency */,
			);
			name = stopwatchUITests;
			productName = stopwatchUITests;
			productReference = 822AACF12B14BE7700C2F378 /* stopwatchUITests.xctest */;
			productType = "com.apple.product-type.bundle.ui-testing";
		};
/* End PBXNativeTarget section */

/* Begin PBXProject section */
		822AACCE2B14BE7500C2F378 /* Project object */ = {
			isa = PBXProject;
			attributes = {
				BuildIndependentTargetsInParallel = 1;
				LastSwiftUpdateCheck = 1500;
				LastUpgradeCheck = 1500;
				TargetAttributes = {
					822AACD52B14BE7500C2F378 = {
						CreatedOnToolsVersion = 15.0.1;
					};
					822AACE62B14BE7700C2F378 = {
						CreatedOnToolsVersion = 15.0.1;
						TestTargetID = 822AACD52B14BE7500C2F378;
					};
					822AACF02B14BE7700C2F378 = {
						CreatedOnToolsVersion = 15.0.1;
						TestTargetID = 822AACD52B14BE7500C2F378;
					};
				};
			};
			buildConfigurationList = 822AACD12B14BE7500C2F378 /* Build configuration list for PBXProject "stopwatch" */;
			compatibilityVersion = "Xcode 14.0";
			developmentRegion = en;
			hasScannedForEncodings = 0;
			knownRegions = (
				en,
				Base,
			);
			mainGroup = 822AACCD2B14BE7500C2F378;
			productRefGroup = 822AACD72B14BE7500C2F378 /* Products */;
			projectDirPath = "";
			projectRoot = "";
			targets = (
				822AACD52B14BE7500C2F378 /* stopwatch */,
				822AACE62B14BE7700C2F378 /* stopwatchTests */,
				822AACF02B14BE7700C2F378 /* stopwatchUITests */,
			);
		};
/* End PBXProject section */

/* Begin PBXResourcesBuildPhase section */
		822AACD42B14BE7500C2F378 /* Resources */ = {
			isa = PBXResourcesBuildPhase;
			buildActionMask = 2147483647;
			files = (
				822AACDE2B14BE7700C2F378 /* Assets.xcassets in Resources */,
				822AACE12B14BE7700C2F378 /* Main.storyboard in Resources */,
			);
			runOnlyForDeploymentPostprocessing = 0;
		};
		822AACE52B14BE7700C2F378 /* Resources */ = {
			isa = PBXResourcesBuildPhase;
			buildActionMask = 2147483647;
			files = (
			);
			runOnlyForDeploymentPostprocessing = 0;
		};
		822AACEF2B14BE7700C2F378 /* Resources */ = {
			isa = PBXResourcesBuildPhase;
			buildActionMask = 2147483647;
			files = (
			);
			runOnlyForDeploymentPostprocessing = 0;
		};
/* End PBXResourcesBuildPhase section */

/* Begin PBXSourcesBuildPhase section */
		822AACD22B14BE7500C2F378 /* Sources */ = {
			isa = PBXSourcesBuildPhase;
			buildActionMask = 2147483647;
			files = (
				822AACDC2B14BE7500C2F378 /* ViewController.swift in Sources */,
				82DBDC3A2B36AB8700B0BDBE /* ColorPickerViewController.swift in Sources */,
				82DBDC3C2B37867900B0BDBE /* UserDefaultsManager.swift in Sources */,
				822AACDA2B14BE7500C2F378 /* AppDelegate.swift in Sources */,
			);
			runOnlyForDeploymentPostprocessing = 0;
		};
		822AACE32B14BE7700C2F378 /* Sources */ = {
			isa = PBXSourcesBuildPhase;
			buildActionMask = 2147483647;
			files = (
				822AACEC2B14BE7700C2F378 /* stopwatchTests.swift in Sources */,
			);
			runOnlyForDeploymentPostprocessing = 0;
		};
		822AACED2B14BE7700C2F378 /* Sources */ = {
			isa = PBXSourcesBuildPhase;
			buildActionMask = 2147483647;
			files = (
				822AACF82B14BE7700C2F378 /* stopwatchUITestsLaunchTests.swift in Sources */,
				822AACF62B14BE7700C2F378 /* stopwatchUITests.swift in Sources */,
			);
			runOnlyForDeploymentPostprocessing = 0;
		};
/* End PBXSourcesBuildPhase section */

/* Begin PBXTargetDependency section */
		822AACE92B14BE7700C2F378 /* PBXTargetDependency */ = {
			isa = PBXTargetDependency;
			target = 822AACD52B14BE7500C2F378 /* stopwatch */;
			targetProxy = 822AACE82B14BE7700C2F378 /* PBXContainerItemProxy */;
		};
		822AACF32B14BE7700C2F378 /* PBXTargetDependency */ = {
			isa = PBXTargetDependency;
			target = 822AACD52B14BE7500C2F378 /* stopwatch */;
			targetProxy = 822AACF22B14BE7700C2F378 /* PBXContainerItemProxy */;
		};
/* End PBXTargetDependency section */

/* Begin PBXVariantGroup section */
		822AACDF2B14BE7700C2F378 /* Main.storyboard */ = {
			isa = PBXVariantGroup;
			children = (
				822AACE02B14BE7700C2F378 /* Base */,
			);
			name = Main.storyboard;
			sourceTree = "<group>";
		};
/* End PBXVariantGroup section */

/* Begin XCBuildConfiguration section */
		822AACF92B14BE7700C2F378 /* Debug */ = {
			isa = XCBuildConfiguration;
			buildSettings = {
				ALWAYS_SEARCH_USER_PATHS = NO;
				ASSETCATALOG_COMPILER_GENERATE_SWIFT_ASSET_SYMBOL_EXTENSIONS = YES;
				CLANG_ANALYZER_NONNULL = YES;
				CLANG_ANALYZER_NUMBER_OBJECT_CONVERSION = YES_AGGRESSIVE;
				CLANG_CXX_LANGUAGE_STANDARD = "gnu++20";
				CLANG_ENABLE_MODULES = YES;
				CLANG_ENABLE_OBJC_ARC = YES;
				CLANG_ENABLE_OBJC_WEAK = YES;
				CLANG_WARN_BLOCK_CAPTURE_AUTORELEASING = YES;
				CLANG_WARN_BOOL_CONVERSION = YES;
				CLANG_WARN_COMMA = YES;
				CLANG_WARN_CONSTANT_CONVERSION = YES;
				CLANG_WARN_DEPRECATED_OBJC_IMPLEMENTATIONS = YES;
				CLANG_WARN_DIRECT_OBJC_ISA_USAGE = YES_ERROR;
				CLANG_WARN_DOCUMENTATION_COMMENTS = YES;
				CLANG_WARN_EMPTY_BODY = YES;
				CLANG_WARN_ENUM_CONVERSION = YES;
				CLANG_WARN_INFINITE_RECURSION = YES;
				CLANG_WARN_INT_CONVERSION = YES;
				CLANG_WARN_NON_LITERAL_NULL_CONVERSION = YES;
				CLANG_WARN_OBJC_IMPLICIT_RETAIN_SELF = YES;
				CLANG_WARN_OBJC_LITERAL_CONVERSION = YES;
				CLANG_WARN_OBJC_ROOT_CLASS = YES_ERROR;
				CLANG_WARN_QUOTED_INCLUDE_IN_FRAMEWORK_HEADER = YES;
				CLANG_WARN_RANGE_LOOP_ANALYSIS = YES;
				CLANG_WARN_STRICT_PROTOTYPES = YES;
				CLANG_WARN_SUSPICIOUS_MOVE = YES;
				CLANG_WARN_UNGUARDED_AVAILABILITY = YES_AGGRESSIVE;
				CLANG_WARN_UNREACHABLE_CODE = YES;
				CLANG_WARN__DUPLICATE_METHOD_MATCH = YES;
				COPY_PHASE_STRIP = NO;
				DEBUG_INFORMATION_FORMAT = dwarf;
				ENABLE_STRICT_OBJC_MSGSEND = YES;
				ENABLE_TESTABILITY = YES;
				ENABLE_USER_SCRIPT_SANDBOXING = YES;
				GCC_C_LANGUAGE_STANDARD = gnu17;
				GCC_DYNAMIC_NO_PIC = NO;
				GCC_NO_COMMON_BLOCKS = YES;
				GCC_OPTIMIZATION_LEVEL = 0;
				GCC_PREPROCESSOR_DEFINITIONS = (
					"DEBUG=1",
					"$(inherited)",
				);
				GCC_WARN_64_TO_32_BIT_CONVERSION = YES;
				GCC_WARN_ABOUT_RETURN_TYPE = YES_ERROR;
				GCC_WARN_UNDECLARED_SELECTOR = YES;
				GCC_WARN_UNINITIALIZED_AUTOS = YES_AGGRESSIVE;
				GCC_WARN_UNUSED_FUNCTION = YES;
				GCC_WARN_UNUSED_VARIABLE = YES;
				LOCALIZATION_PREFERS_STRING_CATALOGS = YES;
				MACOSX_DEPLOYMENT_TARGET = 14.0;
				MTL_ENABLE_DEBUG_INFO = INCLUDE_SOURCE;
				MTL_FAST_MATH = YES;
				ONLY_ACTIVE_ARCH = YES;
				SDKROOT = macosx;
				SWIFT_ACTIVE_COMPILATION_CONDITIONS = "DEBUG $(inherited)";
				SWIFT_OPTIMIZATION_LEVEL = "-Onone";
			};
			name = Debug;
		};
		822AACFA2B14BE7700C2F378 /* Release */ = {
			isa = XCBuildConfiguration;
			buildSettings = {
				ALWAYS_SEARCH_USER_PATHS = NO;
				ASSETCATALOG_COMPILER_GENERATE_SWIFT_ASSET_SYMBOL_EXTENSIONS = YES;
				CLANG_ANALYZER_NONNULL = YES;
				CLANG_ANALYZER_NUMBER_OBJECT_CONVERSION = YES_AGGRESSIVE;
				CLANG_CXX_LANGUAGE_STANDARD = "gnu++20";
				CLANG_ENABLE_MODULES = YES;
				CLANG_ENABLE_OBJC_ARC = YES;
				CLANG_ENABLE_OBJC_WEAK = YES;
				CLANG_WARN_BLOCK_CAPTURE_AUTORELEASING = YES;
				CLANG_WARN_BOOL_CONVERSION = YES;
				CLANG_WARN_COMMA = YES;
				CLANG_WARN_CONSTANT_CONVERSION = YES;
				CLANG_WARN_DEPRECATED_OBJC_IMPLEMENTATIONS = YES;
				CLANG_WARN_DIRECT_OBJC_ISA_USAGE = YES_ERROR;
				CLANG_WARN_DOCUMENTATION_COMMENTS = YES;
				CLANG_WARN_EMPTY_BODY = YES;
				CLANG_WARN_ENUM_CONVERSION = YES;
				CLANG_WARN_INFINITE_RECURSION = YES;
				CLANG_WARN_INT_CONVERSION = YES;
				CLANG_WARN_NON_LITERAL_NULL_CONVERSION = YES;
				CLANG_WARN_OBJC_IMPLICIT_RETAIN_SELF = YES;
				CLANG_WARN_OBJC_LITERAL_CONVERSION = YES;
				CLANG_WARN_OBJC_ROOT_CLASS = YES_ERROR;
				CLANG_WARN_QUOTED_INCLUDE_IN_FRAMEWORK_HEADER = YES;
				CLANG_WARN_RANGE_LOOP_ANALYSIS = YES;
				CLANG_WARN_STRICT_PROTOTYPES = YES;
				CLANG_WARN_SUSPICIOUS_MOVE = YES;
				CLANG_WARN_UNGUARDED_AVAILABILITY = YES_AGGRESSIVE;
				CLANG_WARN_UNREACHABLE_CODE = YES;
				CLANG_WARN__DUPLICATE_METHOD_MATCH = YES;
				COPY_PHASE_STRIP = NO;
				DEBUG_INFORMATION_FORMAT = "dwarf-with-dsym";
				ENABLE_NS_ASSERTIONS = NO;
				ENABLE_STRICT_OBJC_MSGSEND = YES;
				ENABLE_USER_SCRIPT_SANDBOXING = YES;
				GCC_C_LANGUAGE_STANDARD = gnu17;
				GCC_NO_COMMON_BLOCKS = YES;
				GCC_WARN_64_TO_32_BIT_CONVERSION = YES;
				GCC_WARN_ABOUT_RETURN_TYPE = YES_ERROR;
				GCC_WARN_UNDECLARED_SELECTOR = YES;
				GCC_WARN_UNINITIALIZED_AUTOS = YES_AGGRESSIVE;
				GCC_WARN_UNUSED_FUNCTION = YES;
				GCC_WARN_UNUSED_VARIABLE = YES;
				LOCALIZATION_PREFERS_STRING_CATALOGS = YES;
				MACOSX_DEPLOYMENT_TARGET = 14.0;
				MTL_ENABLE_DEBUG_INFO = NO;
				MTL_FAST_MATH = YES;
				SDKROOT = macosx;
				SWIFT_COMPILATION_MODE = wholemodule;
			};
			name = Release;
		};
		822AACFC2B14BE7700C2F378 /* Debug */ = {
			isa = XCBuildConfiguration;
			buildSettings = {
				ASSETCATALOG_COMPILER_APPICON_NAME = AppIcon;
				ASSETCATALOG_COMPILER_GLOBAL_ACCENT_COLOR_NAME = AccentColor;
				CODE_SIGN_ENTITLEMENTS = stopwatch/stopwatch.entitlements;
				CODE_SIGN_STYLE = Automatic;
				COMBINE_HIDPI_IMAGES = YES;
				CURRENT_PROJECT_VERSION = 1;
				GENERATE_INFOPLIST_FILE = YES;
				INFOPLIST_KEY_NSHumanReadableCopyright = "";
				INFOPLIST_KEY_NSMainStoryboardFile = Main;
				INFOPLIST_KEY_NSPrincipalClass = NSApplication;
				INFOPLIST_KEY_UILaunchStoryboardName = Main.storyboard;
				LD_RUNPATH_SEARCH_PATHS = (
					"$(inherited)",
					"@executable_path/../Frameworks",
				);
				MACOSX_DEPLOYMENT_TARGET = 10.15;
				MARKETING_VERSION = 1.0;
				PRODUCT_BUNDLE_IDENTIFIER = com.heartbreakone.stopwatch;
				PRODUCT_NAME = "$(TARGET_NAME)";
				SWIFT_EMIT_LOC_STRINGS = YES;
				SWIFT_VERSION = 5.0;
			};
			name = Debug;
		};
		822AACFD2B14BE7700C2F378 /* Release */ = {
			isa = XCBuildConfiguration;
			buildSettings = {
				ASSETCATALOG_COMPILER_APPICON_NAME = AppIcon;
				ASSETCATALOG_COMPILER_GLOBAL_ACCENT_COLOR_NAME = AccentColor;
				CODE_SIGN_ENTITLEMENTS = stopwatch/stopwatch.entitlements;
				CODE_SIGN_STYLE = Automatic;
				COMBINE_HIDPI_IMAGES = YES;
				CURRENT_PROJECT_VERSION = 1;
				GENERATE_INFOPLIST_FILE = YES;
				INFOPLIST_KEY_NSHumanReadableCopyright = "";
				INFOPLIST_KEY_NSMainStoryboardFile = Main;
				INFOPLIST_KEY_NSPrincipalClass = NSApplication;
				INFOPLIST_KEY_UILaunchStoryboardName = Main.storyboard;
				LD_RUNPATH_SEARCH_PATHS = (
					"$(inherited)",
					"@executable_path/../Frameworks",
				);
				MACOSX_DEPLOYMENT_TARGET = 10.15;
				MARKETING_VERSION = 1.0;
				PRODUCT_BUNDLE_IDENTIFIER = com.heartbreakone.stopwatch;
				PRODUCT_NAME = "$(TARGET_NAME)";
				SWIFT_EMIT_LOC_STRINGS = YES;
				SWIFT_VERSION = 5.0;
			};
			name = Release;
		};
		822AACFF2B14BE7700C2F378 /* Debug */ = {
			isa = XCBuildConfiguration;
			buildSettings = {
				ALWAYS_EMBED_SWIFT_STANDARD_LIBRARIES = YES;
				BUNDLE_LOADER = "$(TEST_HOST)";
				CODE_SIGN_STYLE = Automatic;
				CURRENT_PROJECT_VERSION = 1;
				GENERATE_INFOPLIST_FILE = YES;
				MACOSX_DEPLOYMENT_TARGET = 10.15;
				MARKETING_VERSION = 1.0;
				PRODUCT_BUNDLE_IDENTIFIER = com.heartbreakone.stopwatchTests;
				PRODUCT_NAME = "$(TARGET_NAME)";
				SWIFT_EMIT_LOC_STRINGS = NO;
				SWIFT_VERSION = 5.0;
				TEST_HOST = "$(BUILT_PRODUCTS_DIR)/stopwatch.app/$(BUNDLE_EXECUTABLE_FOLDER_PATH)/stopwatch";
			};
			name = Debug;
		};
		822AAD002B14BE7700C2F378 /* Release */ = {
			isa = XCBuildConfiguration;
			buildSettings = {
				ALWAYS_EMBED_SWIFT_STANDARD_LIBRARIES = YES;
				BUNDLE_LOADER = "$(TEST_HOST)";
				CODE_SIGN_STYLE = Automatic;
				CURRENT_PROJECT_VERSION = 1;
				GENERATE_INFOPLIST_FILE = YES;
				MACOSX_DEPLOYMENT_TARGET = 10.15;
				MARKETING_VERSION = 1.0;
				PRODUCT_BUNDLE_IDENTIFIER = com.heartbreakone.stopwatchTests;
				PRODUCT_NAME = "$(TARGET_NAME)";
				SWIFT_EMIT_LOC_STRINGS = NO;
				SWIFT_VERSION = 5.0;
				TEST_HOST = "$(BUILT_PRODUCTS_DIR)/stopwatch.app/$(BUNDLE_EXECUTABLE_FOLDER_PATH)/stopwatch";
			};
			name = Release;
		};
		822AAD022B14BE7700C2F378 /* Debug */ = {
			isa = XCBuildConfiguration;
			buildSettings = {
				ALWAYS_EMBED_SWIFT_STANDARD_LIBRARIES = YES;
				CODE_SIGN_STYLE = Automatic;
				CURRENT_PROJECT_VERSION = 1;
				GENERATE_INFOPLIST_FILE = YES;
				MACOSX_DEPLOYMENT_TARGET = 10.15;
				MARKETING_VERSION = 1.0;
				PRODUCT_BUNDLE_IDENTIFIER = com.heartbreakone.stopwatchUITests;
				PRODUCT_NAME = "$(TARGET_NAME)";
				SWIFT_EMIT_LOC_STRINGS = NO;
				SWIFT_VERSION = 5.0;
				TEST_TARGET_NAME = stopwatch;
			};
			name = Debug;
		};
		822AAD032B14BE7700C2F378 /* Release */ = {
			isa = XCBuildConfiguration;
			buildSettings = {
				ALWAYS_EMBED_SWIFT_STANDARD_LIBRARIES = YES;
				CODE_SIGN_STYLE = Automatic;
				CURRENT_PROJECT_VERSION = 1;
				GENERATE_INFOPLIST_FILE = YES;
				MACOSX_DEPLOYMENT_TARGET = 10.15;
				MARKETING_VERSION = 1.0;
				PRODUCT_BUNDLE_IDENTIFIER = com.heartbreakone.stopwatchUITests;
				PRODUCT_NAME = "$(TARGET_NAME)";
				SWIFT_EMIT_LOC_STRINGS = NO;
				SWIFT_VERSION = 5.0;
				TEST_TARGET_NAME = stopwatch;
			};
			name = Release;
		};
/* End XCBuildConfiguration section */

/* Begin XCConfigurationList section */
		822AACD12B14BE7500C2F378 /* Build configuration list for PBXProject "stopwatch" */ = {
			isa = XCConfigurationList;
			buildConfigurations = (
				822AACF92B14BE7700C2F378 /* Debug */,
				822AACFA2B14BE7700C2F378 /* Release */,
			);
			defaultConfigurationIsVisible = 0;
			defaultConfigurationName = Release;
		};
		822AACFB2B14BE7700C2F378 /* Build configuration list for PBXNativeTarget "stopwatch" */ = {
			isa = XCConfigurationList;
			buildConfigurations = (
				822AACFC2B14BE7700C2F378 /* Debug */,
				822AACFD2B14BE7700C2F378 /* Release */,
			);
			defaultConfigurationIsVisible = 0;
			defaultConfigurationName = Release;
		};
		822AACFE2B14BE7700C2F378 /* Build configuration list for PBXNativeTarget "stopwatchTests" */ = {
			isa = XCConfigurationList;
			buildConfigurations = (
				822AACFF2B14BE7700C2F378 /* Debug */,
				822AAD002B14BE7700C2F378 /* Release */,
			);
			defaultConfigurationIsVisible = 0;
			defaultConfigurationName = Release;
		};
		822AAD012B14BE7700C2F378 /* Build configuration list for PBXNativeTarget "stopwatchUITests" */ = {
			isa = XCConfigurationList;
			buildConfigurations = (
				822AAD022B14BE7700C2F378 /* Debug */,
				822AAD032B14BE7700C2F378 /* Release */,
			);
			defaultConfigurationIsVisible = 0;
			defaultConfigurationName = Release;
		};
/* End XCConfigurationList section */
	};
	rootObject = 822AACCE2B14BE7500C2F378 /* Project object */;
}
